// !$*UTF8*$!
{
	archiveVersion = 1;
	classes = {
	};
	objectVersion = 55;
	objects = {

/* Begin PBXBuildFile section */
		4637C1F32851846000FC9A98 /* CoreDataRelationshipsBootcamp.swift in Sources */ = {isa = PBXBuildFile; fileRef = 4637C1F22851846000FC9A98 /* CoreDataRelationshipsBootcamp.swift */; };
		4637C1F6285186A600FC9A98 /* CoreDataContainer.xcdatamodeld in Sources */ = {isa = PBXBuildFile; fileRef = 4637C1F4285186A600FC9A98 /* CoreDataContainer.xcdatamodeld */; };
		464A8D03284A4A2200E103EE /* SwiftfulThinkingContinuedLearningApp.swift in Sources */ = {isa = PBXBuildFile; fileRef = 464A8D02284A4A2200E103EE /* SwiftfulThinkingContinuedLearningApp.swift */; };
		464A8D05284A4A2200E103EE /* ContentView.swift in Sources */ = {isa = PBXBuildFile; fileRef = 464A8D04284A4A2200E103EE /* ContentView.swift */; };
		464A8D07284A4A2400E103EE /* Assets.xcassets in Resources */ = {isa = PBXBuildFile; fileRef = 464A8D06284A4A2400E103EE /* Assets.xcassets */; };
		464A8D0A284A4A2400E103EE /* Preview Assets.xcassets in Resources */ = {isa = PBXBuildFile; fileRef = 464A8D09284A4A2400E103EE /* Preview Assets.xcassets */; };
		464A8D12284A4AA000E103EE /* README.md in Resources */ = {isa = PBXBuildFile; fileRef = 464A8D10284A4AA000E103EE /* README.md */; };
		464A8D13284A4AA000E103EE /* LICENSE.txt in Resources */ = {isa = PBXBuildFile; fileRef = 464A8D11284A4AA000E103EE /* LICENSE.txt */; };
		46519FA22852B66700B4DD87 /* BackgroundThreadBootcamp.swift in Sources */ = {isa = PBXBuildFile; fileRef = 46519FA12852B66700B4DD87 /* BackgroundThreadBootcamp.swift */; };
		46519FA42852C31C00B4DD87 /* WeakSelfBootcamp.swift in Sources */ = {isa = PBXBuildFile; fileRef = 46519FA32852C31C00B4DD87 /* WeakSelfBootcamp.swift */; };
		46519FA62852CC1F00B4DD87 /* TypealiasBootcamp.swift in Sources */ = {isa = PBXBuildFile; fileRef = 46519FA52852CC1F00B4DD87 /* TypealiasBootcamp.swift */; };
		46684CE7284CF4B20018A87E /* LocalNotificationsBootcamp.swift in Sources */ = {isa = PBXBuildFile; fileRef = 46684CE6284CF4B20018A87E /* LocalNotificationsBootcamp.swift */; };
		46684CE9284D2C040018A87E /* HashabeBootcamp.swift in Sources */ = {isa = PBXBuildFile; fileRef = 46684CE8284D2C040018A87E /* HashabeBootcamp.swift */; };
		46684CEB284D353C0018A87E /* ArraysBootcamp.swift in Sources */ = {isa = PBXBuildFile; fileRef = 46684CEA284D353C0018A87E /* ArraysBootcamp.swift */; };
		4669C948284AC04E00BBA889 /* MagnificationGestureBootcamp.swift in Sources */ = {isa = PBXBuildFile; fileRef = 4669C947284AC04E00BBA889 /* MagnificationGestureBootcamp.swift */; };
		4669C94A284AC89800BBA889 /* RotationGestureBootcamp.swift in Sources */ = {isa = PBXBuildFile; fileRef = 4669C949284AC89800BBA889 /* RotationGestureBootcamp.swift */; };
		4669C94C284ACE1B00BBA889 /* DragGestureBootcamp.swift in Sources */ = {isa = PBXBuildFile; fileRef = 4669C94B284ACE1B00BBA889 /* DragGestureBootcamp.swift */; };
		4669C94E284AD96400BBA889 /* DragGestureBootcamp2.swift in Sources */ = {isa = PBXBuildFile; fileRef = 4669C94D284AD96400BBA889 /* DragGestureBootcamp2.swift */; };
		46AD39E228503CAE001C3B96 /* CoreDataBootcamp.swift in Sources */ = {isa = PBXBuildFile; fileRef = 46AD39E128503CAE001C3B96 /* CoreDataBootcamp.swift */; };
		46AD39E528503E56001C3B96 /* FruitsContainer.xcdatamodeld in Sources */ = {isa = PBXBuildFile; fileRef = 46AD39E328503E56001C3B96 /* FruitsContainer.xcdatamodeld */; };
		46B04BB8284B95360012B0D9 /* ScrollViewReaderBootcamp.swift in Sources */ = {isa = PBXBuildFile; fileRef = 46B04BB7284B95360012B0D9 /* ScrollViewReaderBootcamp.swift */; };
		46B04BBA284BB6560012B0D9 /* GeometryReaderBootcamp.swift in Sources */ = {isa = PBXBuildFile; fileRef = 46B04BB9284BB6560012B0D9 /* GeometryReaderBootcamp.swift */; };
		46B04BBC284BF37B0012B0D9 /* MultipleSheetsBootcamp.swift in Sources */ = {isa = PBXBuildFile; fileRef = 46B04BBB284BF37B0012B0D9 /* MultipleSheetsBootcamp.swift */; };
		46B04BBE284C0D3D0012B0D9 /* MaskBootcamp.swift in Sources */ = {isa = PBXBuildFile; fileRef = 46B04BBD284C0D3D0012B0D9 /* MaskBootcamp.swift */; };
		46B04BC0284C15850012B0D9 /* SoundsBootcamp.swift in Sources */ = {isa = PBXBuildFile; fileRef = 46B04BBF284C15840012B0D9 /* SoundsBootcamp.swift */; };
		46B04BC5284C16B70012B0D9 /* tada.mp3 in Resources */ = {isa = PBXBuildFile; fileRef = 46B04BC2284C16B70012B0D9 /* tada.mp3 */; };
		46B04BC6284C16B70012B0D9 /* badum.mp3 in Resources */ = {isa = PBXBuildFile; fileRef = 46B04BC3284C16B70012B0D9 /* badum.mp3 */; };
		46B04BC7284C16B70012B0D9 /* moo.mp3 in Resources */ = {isa = PBXBuildFile; fileRef = 46B04BC4284C16B70012B0D9 /* moo.mp3 */; };
		46B04BC9284C1A1F0012B0D9 /* HapticsBootcamp.swift in Sources */ = {isa = PBXBuildFile; fileRef = 46B04BC8284C1A1F0012B0D9 /* HapticsBootcamp.swift */; };
		46B92E97285532CC00F2A997 /* CodableBootcamp.swift in Sources */ = {isa = PBXBuildFile; fileRef = 46B92E96285532CC00F2A997 /* CodableBootcamp.swift */; };
		46B92E9928554C3D00F2A997 /* DownloadWithEscapingBootcamp.swift in Sources */ = {isa = PBXBuildFile; fileRef = 46B92E9828554C3D00F2A997 /* DownloadWithEscapingBootcamp.swift */; };
		46C8A552284A5751000D8E06 /* LongPressGestureBootcamp.swift in Sources */ = {isa = PBXBuildFile; fileRef = 46C8A551284A5751000D8E06 /* LongPressGestureBootcamp.swift */; };
		46E7760E285422D9009021BC /* EscapingBootcamp.swift in Sources */ = {isa = PBXBuildFile; fileRef = 46E7760D285422D9009021BC /* EscapingBootcamp.swift */; };
/* End PBXBuildFile section */

/* Begin PBXFileReference section */
		4637C1F22851846000FC9A98 /* CoreDataRelationshipsBootcamp.swift */ = {isa = PBXFileReference; lastKnownFileType = sourcecode.swift; path = CoreDataRelationshipsBootcamp.swift; sourceTree = "<group>"; };
		4637C1F5285186A600FC9A98 /* CoreDataContainer.xcdatamodel */ = {isa = PBXFileReference; lastKnownFileType = wrapper.xcdatamodel; path = CoreDataContainer.xcdatamodel; sourceTree = "<group>"; };
		464A8CFF284A4A2200E103EE /* SwiftfulThinkingContinuedLearning.app */ = {isa = PBXFileReference; explicitFileType = wrapper.application; includeInIndex = 0; path = SwiftfulThinkingContinuedLearning.app; sourceTree = BUILT_PRODUCTS_DIR; };
		464A8D02284A4A2200E103EE /* SwiftfulThinkingContinuedLearningApp.swift */ = {isa = PBXFileReference; lastKnownFileType = sourcecode.swift; path = SwiftfulThinkingContinuedLearningApp.swift; sourceTree = "<group>"; };
		464A8D04284A4A2200E103EE /* ContentView.swift */ = {isa = PBXFileReference; lastKnownFileType = sourcecode.swift; path = ContentView.swift; sourceTree = "<group>"; };
		464A8D06284A4A2400E103EE /* Assets.xcassets */ = {isa = PBXFileReference; lastKnownFileType = folder.assetcatalog; path = Assets.xcassets; sourceTree = "<group>"; };
		464A8D09284A4A2400E103EE /* Preview Assets.xcassets */ = {isa = PBXFileReference; lastKnownFileType = folder.assetcatalog; path = "Preview Assets.xcassets"; sourceTree = "<group>"; };
		464A8D10284A4AA000E103EE /* README.md */ = {isa = PBXFileReference; fileEncoding = 4; lastKnownFileType = net.daringfireball.markdown; path = README.md; sourceTree = "<group>"; };
		464A8D11284A4AA000E103EE /* LICENSE.txt */ = {isa = PBXFileReference; fileEncoding = 4; lastKnownFileType = text; path = LICENSE.txt; sourceTree = "<group>"; };
		46519FA12852B66700B4DD87 /* BackgroundThreadBootcamp.swift */ = {isa = PBXFileReference; lastKnownFileType = sourcecode.swift; path = BackgroundThreadBootcamp.swift; sourceTree = "<group>"; };
		46519FA32852C31C00B4DD87 /* WeakSelfBootcamp.swift */ = {isa = PBXFileReference; lastKnownFileType = sourcecode.swift; path = WeakSelfBootcamp.swift; sourceTree = "<group>"; };
		46519FA52852CC1F00B4DD87 /* TypealiasBootcamp.swift */ = {isa = PBXFileReference; lastKnownFileType = sourcecode.swift; path = TypealiasBootcamp.swift; sourceTree = "<group>"; };
		46684CE6284CF4B20018A87E /* LocalNotificationsBootcamp.swift */ = {isa = PBXFileReference; lastKnownFileType = sourcecode.swift; path = LocalNotificationsBootcamp.swift; sourceTree = "<group>"; };
		46684CE8284D2C040018A87E /* HashabeBootcamp.swift */ = {isa = PBXFileReference; lastKnownFileType = sourcecode.swift; path = HashabeBootcamp.swift; sourceTree = "<group>"; };
		46684CEA284D353C0018A87E /* ArraysBootcamp.swift */ = {isa = PBXFileReference; lastKnownFileType = sourcecode.swift; path = ArraysBootcamp.swift; sourceTree = "<group>"; };
		4669C947284AC04E00BBA889 /* MagnificationGestureBootcamp.swift */ = {isa = PBXFileReference; lastKnownFileType = sourcecode.swift; path = MagnificationGestureBootcamp.swift; sourceTree = "<group>"; };
		4669C949284AC89800BBA889 /* RotationGestureBootcamp.swift */ = {isa = PBXFileReference; lastKnownFileType = sourcecode.swift; path = RotationGestureBootcamp.swift; sourceTree = "<group>"; };
		4669C94B284ACE1B00BBA889 /* DragGestureBootcamp.swift */ = {isa = PBXFileReference; lastKnownFileType = sourcecode.swift; path = DragGestureBootcamp.swift; sourceTree = "<group>"; };
		4669C94D284AD96400BBA889 /* DragGestureBootcamp2.swift */ = {isa = PBXFileReference; lastKnownFileType = sourcecode.swift; path = DragGestureBootcamp2.swift; sourceTree = "<group>"; };
		46AD39E128503CAE001C3B96 /* CoreDataBootcamp.swift */ = {isa = PBXFileReference; lastKnownFileType = sourcecode.swift; path = CoreDataBootcamp.swift; sourceTree = "<group>"; };
		46AD39E428503E56001C3B96 /* FruitsContainer.xcdatamodel */ = {isa = PBXFileReference; lastKnownFileType = wrapper.xcdatamodel; path = FruitsContainer.xcdatamodel; sourceTree = "<group>"; };
		46B04BB7284B95360012B0D9 /* ScrollViewReaderBootcamp.swift */ = {isa = PBXFileReference; lastKnownFileType = sourcecode.swift; path = ScrollViewReaderBootcamp.swift; sourceTree = "<group>"; };
		46B04BB9284BB6560012B0D9 /* GeometryReaderBootcamp.swift */ = {isa = PBXFileReference; lastKnownFileType = sourcecode.swift; path = GeometryReaderBootcamp.swift; sourceTree = "<group>"; };
		46B04BBB284BF37B0012B0D9 /* MultipleSheetsBootcamp.swift */ = {isa = PBXFileReference; lastKnownFileType = sourcecode.swift; path = MultipleSheetsBootcamp.swift; sourceTree = "<group>"; };
		46B04BBD284C0D3D0012B0D9 /* MaskBootcamp.swift */ = {isa = PBXFileReference; lastKnownFileType = sourcecode.swift; path = MaskBootcamp.swift; sourceTree = "<group>"; };
		46B04BBF284C15840012B0D9 /* SoundsBootcamp.swift */ = {isa = PBXFileReference; lastKnownFileType = sourcecode.swift; path = SoundsBootcamp.swift; sourceTree = "<group>"; };
		46B04BC2284C16B70012B0D9 /* tada.mp3 */ = {isa = PBXFileReference; lastKnownFileType = audio.mp3; path = tada.mp3; sourceTree = "<group>"; };
		46B04BC3284C16B70012B0D9 /* badum.mp3 */ = {isa = PBXFileReference; lastKnownFileType = audio.mp3; path = badum.mp3; sourceTree = "<group>"; };
		46B04BC4284C16B70012B0D9 /* moo.mp3 */ = {isa = PBXFileReference; lastKnownFileType = audio.mp3; path = moo.mp3; sourceTree = "<group>"; };
		46B04BC8284C1A1F0012B0D9 /* HapticsBootcamp.swift */ = {isa = PBXFileReference; lastKnownFileType = sourcecode.swift; path = HapticsBootcamp.swift; sourceTree = "<group>"; };
		46B92E96285532CC00F2A997 /* CodableBootcamp.swift */ = {isa = PBXFileReference; lastKnownFileType = sourcecode.swift; path = CodableBootcamp.swift; sourceTree = "<group>"; };
		46B92E9828554C3D00F2A997 /* DownloadWithEscapingBootcamp.swift */ = {isa = PBXFileReference; lastKnownFileType = sourcecode.swift; path = DownloadWithEscapingBootcamp.swift; sourceTree = "<group>"; };
		46C8A551284A5751000D8E06 /* LongPressGestureBootcamp.swift */ = {isa = PBXFileReference; lastKnownFileType = sourcecode.swift; path = LongPressGestureBootcamp.swift; sourceTree = "<group>"; };
		46E7760D285422D9009021BC /* EscapingBootcamp.swift */ = {isa = PBXFileReference; lastKnownFileType = sourcecode.swift; path = EscapingBootcamp.swift; sourceTree = "<group>"; };
/* End PBXFileReference section */

/* Begin PBXFrameworksBuildPhase section */
		464A8CFC284A4A2200E103EE /* Frameworks */ = {
			isa = PBXFrameworksBuildPhase;
			buildActionMask = 2147483647;
			files = (
			);
			runOnlyForDeploymentPostprocessing = 0;
		};
/* End PBXFrameworksBuildPhase section */

/* Begin PBXGroup section */
		464A8CF6284A4A2200E103EE = {
			isa = PBXGroup;
			children = (
				464A8D11284A4AA000E103EE /* LICENSE.txt */,
				464A8D10284A4AA000E103EE /* README.md */,
				464A8D01284A4A2200E103EE /* SwiftfulThinkingContinuedLearning */,
				464A8D00284A4A2200E103EE /* Products */,
			);
			sourceTree = "<group>";
		};
		464A8D00284A4A2200E103EE /* Products */ = {
			isa = PBXGroup;
			children = (
				464A8CFF284A4A2200E103EE /* SwiftfulThinkingContinuedLearning.app */,
			);
			name = Products;
			sourceTree = "<group>";
		};
		464A8D01284A4A2200E103EE /* SwiftfulThinkingContinuedLearning */ = {
			isa = PBXGroup;
			children = (
				464A8D02284A4A2200E103EE /* SwiftfulThinkingContinuedLearningApp.swift */,
				464A8D04284A4A2200E103EE /* ContentView.swift */,
				464A8D06284A4A2400E103EE /* Assets.xcassets */,
				464A8D08284A4A2400E103EE /* Preview Content */,
				46C8A551284A5751000D8E06 /* LongPressGestureBootcamp.swift */,
				4669C947284AC04E00BBA889 /* MagnificationGestureBootcamp.swift */,
				4669C949284AC89800BBA889 /* RotationGestureBootcamp.swift */,
				4669C94B284ACE1B00BBA889 /* DragGestureBootcamp.swift */,
				4669C94D284AD96400BBA889 /* DragGestureBootcamp2.swift */,
				46B04BB7284B95360012B0D9 /* ScrollViewReaderBootcamp.swift */,
				46B04BB9284BB6560012B0D9 /* GeometryReaderBootcamp.swift */,
				46B04BBB284BF37B0012B0D9 /* MultipleSheetsBootcamp.swift */,
				46B04BBD284C0D3D0012B0D9 /* MaskBootcamp.swift */,
				46B04BBF284C15840012B0D9 /* SoundsBootcamp.swift */,
				46B04BC1284C16A50012B0D9 /* Sounds */,
				46B04BC8284C1A1F0012B0D9 /* HapticsBootcamp.swift */,
				46684CE6284CF4B20018A87E /* LocalNotificationsBootcamp.swift */,
				46684CE8284D2C040018A87E /* HashabeBootcamp.swift */,
				46684CEA284D353C0018A87E /* ArraysBootcamp.swift */,
				46AD39E128503CAE001C3B96 /* CoreDataBootcamp.swift */,
				4637C1F22851846000FC9A98 /* CoreDataRelationshipsBootcamp.swift */,
				46519FA12852B66700B4DD87 /* BackgroundThreadBootcamp.swift */,
				46519FA32852C31C00B4DD87 /* WeakSelfBootcamp.swift */,
				46519FA52852CC1F00B4DD87 /* TypealiasBootcamp.swift */,
				46E7760D285422D9009021BC /* EscapingBootcamp.swift */,
				46B92E96285532CC00F2A997 /* CodableBootcamp.swift */,
				46B92E9828554C3D00F2A997 /* DownloadWithEscapingBootcamp.swift */,
				46AD39E328503E56001C3B96 /* FruitsContainer.xcdatamodeld */,
				4637C1F4285186A600FC9A98 /* CoreDataContainer.xcdatamodeld */,
			);
			path = SwiftfulThinkingContinuedLearning;
			sourceTree = "<group>";
		};
		464A8D08284A4A2400E103EE /* Preview Content */ = {
			isa = PBXGroup;
			children = (
				464A8D09284A4A2400E103EE /* Preview Assets.xcassets */,
			);
			path = "Preview Content";
			sourceTree = "<group>";
		};
		46B04BC1284C16A50012B0D9 /* Sounds */ = {
			isa = PBXGroup;
			children = (
				46B04BC3284C16B70012B0D9 /* badum.mp3 */,
				46B04BC4284C16B70012B0D9 /* moo.mp3 */,
				46B04BC2284C16B70012B0D9 /* tada.mp3 */,
			);
			path = Sounds;
			sourceTree = "<group>";
		};
/* End PBXGroup section */

/* Begin PBXNativeTarget section */
		464A8CFE284A4A2200E103EE /* SwiftfulThinkingContinuedLearning */ = {
			isa = PBXNativeTarget;
			buildConfigurationList = 464A8D0D284A4A2400E103EE /* Build configuration list for PBXNativeTarget "SwiftfulThinkingContinuedLearning" */;
			buildPhases = (
				464A8CFB284A4A2200E103EE /* Sources */,
				464A8CFC284A4A2200E103EE /* Frameworks */,
				464A8CFD284A4A2200E103EE /* Resources */,
			);
			buildRules = (
			);
			dependencies = (
			);
			name = SwiftfulThinkingContinuedLearning;
			productName = SwiftfulThinkingContinuedLearning;
			productReference = 464A8CFF284A4A2200E103EE /* SwiftfulThinkingContinuedLearning.app */;
			productType = "com.apple.product-type.application";
		};
/* End PBXNativeTarget section */

/* Begin PBXProject section */
		464A8CF7284A4A2200E103EE /* Project object */ = {
			isa = PBXProject;
			attributes = {
				BuildIndependentTargetsInParallel = 1;
				LastSwiftUpdateCheck = 1340;
				LastUpgradeCheck = 1340;
				TargetAttributes = {
					464A8CFE284A4A2200E103EE = {
						CreatedOnToolsVersion = 13.4;
					};
				};
			};
			buildConfigurationList = 464A8CFA284A4A2200E103EE /* Build configuration list for PBXProject "SwiftfulThinkingContinuedLearning" */;
			compatibilityVersion = "Xcode 13.0";
			developmentRegion = en;
			hasScannedForEncodings = 0;
			knownRegions = (
				en,
				Base,
			);
			mainGroup = 464A8CF6284A4A2200E103EE;
			productRefGroup = 464A8D00284A4A2200E103EE /* Products */;
			projectDirPath = "";
			projectRoot = "";
			targets = (
				464A8CFE284A4A2200E103EE /* SwiftfulThinkingContinuedLearning */,
			);
		};
/* End PBXProject section */

/* Begin PBXResourcesBuildPhase section */
		464A8CFD284A4A2200E103EE /* Resources */ = {
			isa = PBXResourcesBuildPhase;
			buildActionMask = 2147483647;
			files = (
				46B04BC6284C16B70012B0D9 /* badum.mp3 in Resources */,
				464A8D13284A4AA000E103EE /* LICENSE.txt in Resources */,
				46B04BC5284C16B70012B0D9 /* tada.mp3 in Resources */,
				464A8D12284A4AA000E103EE /* README.md in Resources */,
				46B04BC7284C16B70012B0D9 /* moo.mp3 in Resources */,
				464A8D0A284A4A2400E103EE /* Preview Assets.xcassets in Resources */,
				464A8D07284A4A2400E103EE /* Assets.xcassets in Resources */,
			);
			runOnlyForDeploymentPostprocessing = 0;
		};
/* End PBXResourcesBuildPhase section */

/* Begin PBXSourcesBuildPhase section */
		464A8CFB284A4A2200E103EE /* Sources */ = {
			isa = PBXSourcesBuildPhase;
			buildActionMask = 2147483647;
			files = (
				46E7760E285422D9009021BC /* EscapingBootcamp.swift in Sources */,
				46AD39E528503E56001C3B96 /* FruitsContainer.xcdatamodeld in Sources */,
				46B04BC0284C15850012B0D9 /* SoundsBootcamp.swift in Sources */,
				4669C94E284AD96400BBA889 /* DragGestureBootcamp2.swift in Sources */,
				46519FA22852B66700B4DD87 /* BackgroundThreadBootcamp.swift in Sources */,
				46684CE7284CF4B20018A87E /* LocalNotificationsBootcamp.swift in Sources */,
				46AD39E228503CAE001C3B96 /* CoreDataBootcamp.swift in Sources */,
				46B04BBE284C0D3D0012B0D9 /* MaskBootcamp.swift in Sources */,
				46684CE9284D2C040018A87E /* HashabeBootcamp.swift in Sources */,
				4669C94C284ACE1B00BBA889 /* DragGestureBootcamp.swift in Sources */,
				4637C1F6285186A600FC9A98 /* CoreDataContainer.xcdatamodeld in Sources */,
				46684CEB284D353C0018A87E /* ArraysBootcamp.swift in Sources */,
				464A8D05284A4A2200E103EE /* ContentView.swift in Sources */,
				46B04BB8284B95360012B0D9 /* ScrollViewReaderBootcamp.swift in Sources */,
				46519FA62852CC1F00B4DD87 /* TypealiasBootcamp.swift in Sources */,
				46B04BBC284BF37B0012B0D9 /* MultipleSheetsBootcamp.swift in Sources */,
				46B92E9928554C3D00F2A997 /* DownloadWithEscapingBootcamp.swift in Sources */,
				46B92E97285532CC00F2A997 /* CodableBootcamp.swift in Sources */,
				46519FA42852C31C00B4DD87 /* WeakSelfBootcamp.swift in Sources */,
				464A8D03284A4A2200E103EE /* SwiftfulThinkingContinuedLearningApp.swift in Sources */,
				4669C948284AC04E00BBA889 /* MagnificationGestureBootcamp.swift in Sources */,
				46B04BBA284BB6560012B0D9 /* GeometryReaderBootcamp.swift in Sources */,
				46B04BC9284C1A1F0012B0D9 /* HapticsBootcamp.swift in Sources */,
				4637C1F32851846000FC9A98 /* CoreDataRelationshipsBootcamp.swift in Sources */,
				46C8A552284A5751000D8E06 /* LongPressGestureBootcamp.swift in Sources */,
				4669C94A284AC89800BBA889 /* RotationGestureBootcamp.swift in Sources */,
			);
			runOnlyForDeploymentPostprocessing = 0;
		};
/* End PBXSourcesBuildPhase section */

/* Begin XCBuildConfiguration section */
		464A8D0B284A4A2400E103EE /* Debug */ = {
			isa = XCBuildConfiguration;
			buildSettings = {
				ALWAYS_SEARCH_USER_PATHS = NO;
				CLANG_ANALYZER_NONNULL = YES;
				CLANG_ANALYZER_NUMBER_OBJECT_CONVERSION = YES_AGGRESSIVE;
				CLANG_CXX_LANGUAGE_STANDARD = "gnu++17";
				CLANG_ENABLE_MODULES = YES;
				CLANG_ENABLE_OBJC_ARC = YES;
				CLANG_ENABLE_OBJC_WEAK = YES;
				CLANG_WARN_BLOCK_CAPTURE_AUTORELEASING = YES;
				CLANG_WARN_BOOL_CONVERSION = YES;
				CLANG_WARN_COMMA = YES;
				CLANG_WARN_CONSTANT_CONVERSION = YES;
				CLANG_WARN_DEPRECATED_OBJC_IMPLEMENTATIONS = YES;
				CLANG_WARN_DIRECT_OBJC_ISA_USAGE = YES_ERROR;
				CLANG_WARN_DOCUMENTATION_COMMENTS = YES;
				CLANG_WARN_EMPTY_BODY = YES;
				CLANG_WARN_ENUM_CONVERSION = YES;
				CLANG_WARN_INFINITE_RECURSION = YES;
				CLANG_WARN_INT_CONVERSION = YES;
				CLANG_WARN_NON_LITERAL_NULL_CONVERSION = YES;
				CLANG_WARN_OBJC_IMPLICIT_RETAIN_SELF = YES;
				CLANG_WARN_OBJC_LITERAL_CONVERSION = YES;
				CLANG_WARN_OBJC_ROOT_CLASS = YES_ERROR;
				CLANG_WARN_QUOTED_INCLUDE_IN_FRAMEWORK_HEADER = YES;
				CLANG_WARN_RANGE_LOOP_ANALYSIS = YES;
				CLANG_WARN_STRICT_PROTOTYPES = YES;
				CLANG_WARN_SUSPICIOUS_MOVE = YES;
				CLANG_WARN_UNGUARDED_AVAILABILITY = YES_AGGRESSIVE;
				CLANG_WARN_UNREACHABLE_CODE = YES;
				CLANG_WARN__DUPLICATE_METHOD_MATCH = YES;
				COPY_PHASE_STRIP = NO;
				DEBUG_INFORMATION_FORMAT = dwarf;
				ENABLE_STRICT_OBJC_MSGSEND = YES;
				ENABLE_TESTABILITY = YES;
				GCC_C_LANGUAGE_STANDARD = gnu11;
				GCC_DYNAMIC_NO_PIC = NO;
				GCC_NO_COMMON_BLOCKS = YES;
				GCC_OPTIMIZATION_LEVEL = 0;
				GCC_PREPROCESSOR_DEFINITIONS = (
					"DEBUG=1",
					"$(inherited)",
				);
				GCC_WARN_64_TO_32_BIT_CONVERSION = YES;
				GCC_WARN_ABOUT_RETURN_TYPE = YES_ERROR;
				GCC_WARN_UNDECLARED_SELECTOR = YES;
				GCC_WARN_UNINITIALIZED_AUTOS = YES_AGGRESSIVE;
				GCC_WARN_UNUSED_FUNCTION = YES;
				GCC_WARN_UNUSED_VARIABLE = YES;
				IPHONEOS_DEPLOYMENT_TARGET = 15.5;
				MTL_ENABLE_DEBUG_INFO = INCLUDE_SOURCE;
				MTL_FAST_MATH = YES;
				ONLY_ACTIVE_ARCH = YES;
				SDKROOT = iphoneos;
				SWIFT_ACTIVE_COMPILATION_CONDITIONS = DEBUG;
				SWIFT_OPTIMIZATION_LEVEL = "-Onone";
			};
			name = Debug;
		};
		464A8D0C284A4A2400E103EE /* Release */ = {
			isa = XCBuildConfiguration;
			buildSettings = {
				ALWAYS_SEARCH_USER_PATHS = NO;
				CLANG_ANALYZER_NONNULL = YES;
				CLANG_ANALYZER_NUMBER_OBJECT_CONVERSION = YES_AGGRESSIVE;
				CLANG_CXX_LANGUAGE_STANDARD = "gnu++17";
				CLANG_ENABLE_MODULES = YES;
				CLANG_ENABLE_OBJC_ARC = YES;
				CLANG_ENABLE_OBJC_WEAK = YES;
				CLANG_WARN_BLOCK_CAPTURE_AUTORELEASING = YES;
				CLANG_WARN_BOOL_CONVERSION = YES;
				CLANG_WARN_COMMA = YES;
				CLANG_WARN_CONSTANT_CONVERSION = YES;
				CLANG_WARN_DEPRECATED_OBJC_IMPLEMENTATIONS = YES;
				CLANG_WARN_DIRECT_OBJC_ISA_USAGE = YES_ERROR;
				CLANG_WARN_DOCUMENTATION_COMMENTS = YES;
				CLANG_WARN_EMPTY_BODY = YES;
				CLANG_WARN_ENUM_CONVERSION = YES;
				CLANG_WARN_INFINITE_RECURSION = YES;
				CLANG_WARN_INT_CONVERSION = YES;
				CLANG_WARN_NON_LITERAL_NULL_CONVERSION = YES;
				CLANG_WARN_OBJC_IMPLICIT_RETAIN_SELF = YES;
				CLANG_WARN_OBJC_LITERAL_CONVERSION = YES;
				CLANG_WARN_OBJC_ROOT_CLASS = YES_ERROR;
				CLANG_WARN_QUOTED_INCLUDE_IN_FRAMEWORK_HEADER = YES;
				CLANG_WARN_RANGE_LOOP_ANALYSIS = YES;
				CLANG_WARN_STRICT_PROTOTYPES = YES;
				CLANG_WARN_SUSPICIOUS_MOVE = YES;
				CLANG_WARN_UNGUARDED_AVAILABILITY = YES_AGGRESSIVE;
				CLANG_WARN_UNREACHABLE_CODE = YES;
				CLANG_WARN__DUPLICATE_METHOD_MATCH = YES;
				COPY_PHASE_STRIP = NO;
				DEBUG_INFORMATION_FORMAT = "dwarf-with-dsym";
				ENABLE_NS_ASSERTIONS = NO;
				ENABLE_STRICT_OBJC_MSGSEND = YES;
				GCC_C_LANGUAGE_STANDARD = gnu11;
				GCC_NO_COMMON_BLOCKS = YES;
				GCC_WARN_64_TO_32_BIT_CONVERSION = YES;
				GCC_WARN_ABOUT_RETURN_TYPE = YES_ERROR;
				GCC_WARN_UNDECLARED_SELECTOR = YES;
				GCC_WARN_UNINITIALIZED_AUTOS = YES_AGGRESSIVE;
				GCC_WARN_UNUSED_FUNCTION = YES;
				GCC_WARN_UNUSED_VARIABLE = YES;
				IPHONEOS_DEPLOYMENT_TARGET = 15.5;
				MTL_ENABLE_DEBUG_INFO = NO;
				MTL_FAST_MATH = YES;
				SDKROOT = iphoneos;
				SWIFT_COMPILATION_MODE = wholemodule;
				SWIFT_OPTIMIZATION_LEVEL = "-O";
				VALIDATE_PRODUCT = YES;
			};
			name = Release;
		};
		464A8D0E284A4A2400E103EE /* Debug */ = {
			isa = XCBuildConfiguration;
			buildSettings = {
				ASSETCATALOG_COMPILER_APPICON_NAME = AppIcon;
				ASSETCATALOG_COMPILER_GLOBAL_ACCENT_COLOR_NAME = AccentColor;
				CODE_SIGN_STYLE = Automatic;
				CURRENT_PROJECT_VERSION = 1;
				DEVELOPMENT_ASSET_PATHS = "\"SwiftfulThinkingContinuedLearning/Preview Content\"";
				DEVELOPMENT_TEAM = 567K2BW2V9;
				ENABLE_PREVIEWS = YES;
				GENERATE_INFOPLIST_FILE = YES;
				INFOPLIST_KEY_UIApplicationSceneManifest_Generation = YES;
				INFOPLIST_KEY_UIApplicationSupportsIndirectInputEvents = YES;
				INFOPLIST_KEY_UILaunchScreen_Generation = YES;
				INFOPLIST_KEY_UISupportedInterfaceOrientations_iPad = "UIInterfaceOrientationPortrait UIInterfaceOrientationPortraitUpsideDown UIInterfaceOrientationLandscapeLeft UIInterfaceOrientationLandscapeRight";
				INFOPLIST_KEY_UISupportedInterfaceOrientations_iPhone = "UIInterfaceOrientationPortrait UIInterfaceOrientationLandscapeLeft UIInterfaceOrientationLandscapeRight";
				IPHONEOS_DEPLOYMENT_TARGET = 14.0;
				LD_RUNPATH_SEARCH_PATHS = (
					"$(inherited)",
					"@executable_path/Frameworks",
				);
				MARKETING_VERSION = 1.0;
				PRODUCT_BUNDLE_IDENTIFIER = com.example.ios.SwiftfulThinkingContinuedLearning;
				PRODUCT_NAME = "$(TARGET_NAME)";
				SWIFT_EMIT_LOC_STRINGS = YES;
				SWIFT_VERSION = 5.0;
				TARGETED_DEVICE_FAMILY = "1,2";
			};
			name = Debug;
		};
		464A8D0F284A4A2400E103EE /* Release */ = {
			isa = XCBuildConfiguration;
			buildSettings = {
				ASSETCATALOG_COMPILER_APPICON_NAME = AppIcon;
				ASSETCATALOG_COMPILER_GLOBAL_ACCENT_COLOR_NAME = AccentColor;
				CODE_SIGN_STYLE = Automatic;
				CURRENT_PROJECT_VERSION = 1;
				DEVELOPMENT_ASSET_PATHS = "\"SwiftfulThinkingContinuedLearning/Preview Content\"";
				DEVELOPMENT_TEAM = 567K2BW2V9;
				ENABLE_PREVIEWS = YES;
				GENERATE_INFOPLIST_FILE = YES;
				INFOPLIST_KEY_UIApplicationSceneManifest_Generation = YES;
				INFOPLIST_KEY_UIApplicationSupportsIndirectInputEvents = YES;
				INFOPLIST_KEY_UILaunchScreen_Generation = YES;
				INFOPLIST_KEY_UISupportedInterfaceOrientations_iPad = "UIInterfaceOrientationPortrait UIInterfaceOrientationPortraitUpsideDown UIInterfaceOrientationLandscapeLeft UIInterfaceOrientationLandscapeRight";
				INFOPLIST_KEY_UISupportedInterfaceOrientations_iPhone = "UIInterfaceOrientationPortrait UIInterfaceOrientationLandscapeLeft UIInterfaceOrientationLandscapeRight";
				IPHONEOS_DEPLOYMENT_TARGET = 14.0;
				LD_RUNPATH_SEARCH_PATHS = (
					"$(inherited)",
					"@executable_path/Frameworks",
				);
				MARKETING_VERSION = 1.0;
				PRODUCT_BUNDLE_IDENTIFIER = com.example.ios.SwiftfulThinkingContinuedLearning;
				PRODUCT_NAME = "$(TARGET_NAME)";
				SWIFT_EMIT_LOC_STRINGS = YES;
				SWIFT_VERSION = 5.0;
				TARGETED_DEVICE_FAMILY = "1,2";
			};
			name = Release;
		};
/* End XCBuildConfiguration section */

/* Begin XCConfigurationList section */
		464A8CFA284A4A2200E103EE /* Build configuration list for PBXProject "SwiftfulThinkingContinuedLearning" */ = {
			isa = XCConfigurationList;
			buildConfigurations = (
				464A8D0B284A4A2400E103EE /* Debug */,
				464A8D0C284A4A2400E103EE /* Release */,
			);
			defaultConfigurationIsVisible = 0;
			defaultConfigurationName = Release;
		};
		464A8D0D284A4A2400E103EE /* Build configuration list for PBXNativeTarget "SwiftfulThinkingContinuedLearning" */ = {
			isa = XCConfigurationList;
			buildConfigurations = (
				464A8D0E284A4A2400E103EE /* Debug */,
				464A8D0F284A4A2400E103EE /* Release */,
			);
			defaultConfigurationIsVisible = 0;
			defaultConfigurationName = Release;
		};
/* End XCConfigurationList section */

/* Begin XCVersionGroup section */
		4637C1F4285186A600FC9A98 /* CoreDataContainer.xcdatamodeld */ = {
			isa = XCVersionGroup;
			children = (
				4637C1F5285186A600FC9A98 /* CoreDataContainer.xcdatamodel */,
			);
			currentVersion = 4637C1F5285186A600FC9A98 /* CoreDataContainer.xcdatamodel */;
			path = CoreDataContainer.xcdatamodeld;
			sourceTree = "<group>";
			versionGroupType = wrapper.xcdatamodel;
		};
		46AD39E328503E56001C3B96 /* FruitsContainer.xcdatamodeld */ = {
			isa = XCVersionGroup;
			children = (
				46AD39E428503E56001C3B96 /* FruitsContainer.xcdatamodel */,
			);
			currentVersion = 46AD39E428503E56001C3B96 /* FruitsContainer.xcdatamodel */;
			path = FruitsContainer.xcdatamodeld;
			sourceTree = "<group>";
			versionGroupType = wrapper.xcdatamodel;
		};
/* End XCVersionGroup section */
	};
	rootObject = 464A8CF7284A4A2200E103EE /* Project object */;
}
